# This file is autogenerated, do not edit; changes may be undone by the next 'dep ensure'.


[[projects]]
  branch = "master"
  digest = "1:fd960771fa3e19acda6cc484d6e4bf8a841b103433464388b6a83c65310ca09e"
  name = "dmitri.shuralyov.com/text/kebabcase"
  packages = ["."]
  pruneopts = "UT"
  revision = "eac43a689475a8a9e9a1c4423778c88d6ae7c794"

[[projects]]
  digest = "1:0f98f59e9a2f4070d66f0c9c39561f68fcd1dc837b22a852d28d0003aebd1b1e"
  name = "github.com/boltdb/bolt"
  packages = ["."]
  pruneopts = "UT"
  revision = "2f1ce7a837dcb8da3ec595b1dac9d0632f0f99e8"
  version = "v1.3.1"

[[projects]]
  branch = "master"
  digest = "1:3e38fc80f8fb9482345b1a596b21dfa2f86d696061cbd76a6620a5658e038132"
  name = "github.com/dchest/captcha"
  packages = ["."]
  pruneopts = "UT"
  revision = "6a29415a8364ec2971fdc62d9e415ed53fc20410"

[[projects]]
  digest = "1:0e9469c594ba4968647dc76d12db8fb3b05dc9603fb05346e1f9dad267a41e86"
  name = "github.com/disintegration/imaging"
  packages = ["."]
  pruneopts = "UT"
  revision = "acabd8315e63bfcaac97d52d68a7a0b88d2eea93"
  version = "v1.6.2"

[[projects]]
  branch = "master"
  digest = "1:a9cda3d74780c2204d40dd7e6ff30b58a6dbd3a41a0ad69bbf91502dd079a8ff"
  name = "github.com/ego008/youdb"
  packages = ["."]
  pruneopts = "UT"
  revision = "a2b05b09e20d705e0a1459829aa3ec1d2e977abf"

[[projects]]
  digest = "1:e72d1ebb8d395cf9f346fd9cbc652e5ae222dd85e0ac842dc57f175abed6d195"
  name = "github.com/gorilla/securecookie"
  packages = ["."]
  pruneopts = "UT"
  revision = "e59506cc896acb7f7bf732d4fdf5e25f7ccd8983"
  version = "v1.1.1"

[[projects]]
  digest = "1:b2b813be1a452771dc2e9d0259af3070a3f23e59225c6e5ea73df82ba4ba881d"
  name = "github.com/h2non/filetype"
  packages = [
    "matchers",
    "matchers/isobmff",
    "types",
  ]
  pruneopts = "UT"
  revision = "add8f680eeb7b6baeee288a89bd54574de25b406"
  version = "v1.0.10"

[[projects]]
  digest = "1:6651c1394c6776758abaf2b2333e0459af1e3479b0969f3d871a1c8dbffd6cd9"
  name = "github.com/klauspost/compress"
  packages = [
    "flate",
    "gzip",
  ]
  pruneopts = "UT"
  revision = "438db640fd672278e44bb9bec0b979358e7e9c76"
  version = "v1.9.4"

[[projects]]
  digest = "1:6ff1026b8d873d074ddec82ad60bb0eb537dc013f456ef26b63d30beba2f99e7"
  name = "github.com/microcosm-cc/bluemonday"
  packages = ["."]
  pruneopts = "UT"
  revision = "506f3da9b7c86d737e91f16b7431df8635871552"
  version = "v1.0.2"

[[projects]]
  digest = "1:fdbd8fb88ba8ac5b971f446b83785963bdc4549bb51e08331d571ad1300e4412"
  name = "github.com/o1egl/govatar"
  packages = [
    ".",
    "bindata",
  ]
  pruneopts = "UT"
  revision = "fd0ac734f4e77cfda4cc1bc4400e82fe1fcca8a2"
  version = "v0.3.0"

[[projects]]
  digest = "1:e51386f7d4aff633fd4dc239e4a9c453d019a3c0c7ac55a1e5e64a89e075c615"
  name = "github.com/qiniu/api.v7"
  packages = [
    ".",
    "auth",
    "auth/qbox",
    "client",
    "conf",
    "internal/log",
    "reqid",
    "storage",
  ]
  pruneopts = "UT"
  revision = "bea02cd22bf47c650b3c7f0fa001885e7cf7d483"
  version = "v7.3.0"

[[projects]]
  digest = "1:2e76a73cb51f42d63a2a1a85b3dc5731fd4faf6821b434bd0ef2c099186031d6"
  name = "github.com/rs/xid"
  packages = ["."]
  pruneopts = "UT"
  revision = "15d26544def341f036c5f8dca987a4cbe575032c"
  version = "v1.2.1"

[[projects]]
  branch = "master"
  digest = "1:c0d79013cb6aa64cb62568bf71bdaf9d6f9bf87a0c8574c2c35d13b2fb2d1c31"
  name = "github.com/russross/blackfriday"
  packages = ["."]
  pruneopts = "UT"
  revision = "a925a152c144ea7de0f451eaf2f7db9e52fa005a"

[[projects]]
  digest = "1:d917313f309bda80d27274d53985bc65651f81a5b66b820749ac7f8ef061fd04"
  name = "github.com/sergi/go-diff"
  packages = ["diffmatchpatch"]
  pruneopts = "UT"
  revision = "1744e2970ca51c86172c8190fadad617561ed6e7"
  version = "v1.0.0"

[[projects]]
  branch = "master"
  digest = "1:17dbf2af7ad8e9f45ace81f8cfbb18bea8baf165f3b5bb55d82f4ddaf4fbc7f3"
  name = "github.com/shurcooL/github_flavored_markdown"
  packages = ["."]
  pruneopts = "UT"
  revision = "2122de53247006a637e59cf1c99d0770312d4be3"

[[projects]]
  branch = "master"
  digest = "1:c46a4157f74a181fab75707f9af94d77f8fcb1285d8eccd9451788586f42fe3e"
  name = "github.com/shurcooL/go"
  packages = [
    "parserutil",
    "printerutil",
    "reflectfind",
    "reflectsource",
  ]
  pruneopts = "UT"
  revision = "b114cc39af9f18fed36989c224198d33dc48bc7f"

[[projects]]
  branch = "master"
  digest = "1:c347b6831c73fad4137117fb7e2cf1bc7ff03206ddcd7fb184e9af4fc96fa5b6"
  name = "github.com/shurcooL/go-goon"
  packages = ["."]
  pruneopts = "UT"
  revision = "37c2f522c041b74919a9e5e3a6c5c47eb34730a5"

[[projects]]
  branch = "master"
  digest = "1:23a0fdf4f939b35ca0f40530d39671b2fdd503e978a9783b89b059c7e9ff4889"
  name = "github.com/shurcooL/graphql"
  packages = ["ident"]
  pruneopts = "UT"
  revision = "d48a9a75455f6af30244670bc0c9d0e38e7392b5"

[[projects]]
  branch = "master"
  digest = "1:1c692fbb295a05e0ad77aafe24385cf0947314aa882bbdae716bbcbe7d5f87b1"
  name = "github.com/shurcooL/highlight_diff"
  packages = ["."]
  pruneopts = "UT"
  revision = "111da2e7d480d1ae2e33d64cd6b19530db117002"

[[projects]]
  branch = "master"
  digest = "1:09e85e6ca291f63e8b586209a0c8c43f37f6068c7a2a74cdfdd4a575c84f4266"
  name = "github.com/shurcooL/highlight_go"
  packages = [
    ".",
    "internal/go/scanner",
    "internal/go/token",
  ]
  pruneopts = "UT"
  revision = "130f78146f9cb8ee676900412451886ab8cfd126"

[[projects]]
  branch = "master"
  digest = "1:cd7a66f5c7c9fc4c026a04fb2d531664162532a24639205efe65db0b47a4bc24"
  name = "github.com/shurcooL/octicon"
  packages = ["."]
  pruneopts = "UT"
  revision = "cbb32d6a785c5dddc63742d685ab991ec2051014"

[[projects]]
  digest = "1:9421f6e9e28ef86933e824b5caff441366f2b69bb281085b9dca40e1f27a1602"
  name = "github.com/shurcooL/sanitized_anchor_name"
  packages = ["."]
  pruneopts = "UT"
  revision = "7bfe4c7ecddb3666a94b053b422cdd8f5aaa3615"
  version = "v1.0.0"

[[projects]]
  branch = "master"
  digest = "1:7d1a56d6e478d101047b32fe6ea432966db16867a3984b53bef75e3c160087b1"
  name = "github.com/sourcegraph/annotate"
  packages = ["."]
  pruneopts = "UT"
  revision = "f4cad6c6324d3f584e1743d8b3e0e017a5f3a636"

[[projects]]
  branch = "master"
  digest = "1:9df4f012b99e1ea84cd1c3c29874cfb541b9726be43c62f05feef3a85e300688"
  name = "github.com/sourcegraph/syntaxhighlight"
  packages = ["."]
  pruneopts = "UT"
  revision = "bd320f5d308e1a3c4314c678d8227a0d72574ae7"

[[projects]]
  digest = "1:f208441d0016b917c90f5aa47d3ec7b545f15f992590867cd30d5f720cb81eed"
  name = "github.com/terminus2049/2049bbs"
  packages = [
    "controller",
    "cronjob",
    "lib/qqOAuth",
    "lib/upyun",
    "lib/weiboOAuth",
    "model",
    "router",
    "system",
    "util",
  ]
  pruneopts = "UT"
  revision = "23ee4744af7bc92abf7a160b72487372cebbc37c"
  version = "v0.2.0"

[[projects]]
  branch = "master"
  digest = "1:8e1280b9241df7454aa82b06fcaf7b0685bad98b070d4cc73e0b1cf30ce1139d"
  name = "github.com/weint/config"
  packages = ["."]
  pruneopts = "UT"
  revision = "16809f7a22140294610d77c8a4a0bf0bcd01c509"

[[projects]]
  branch = "master"
  digest = "1:2520702ed0bee436f0f658797aed962181a535bbf2f19b979170ca94f5942fcb"
  name = "github.com/weint/httpclient"
  packages = ["."]
  pruneopts = "UT"
  revision = "32544e5b59922764497e9427ad56fe803cbe7f2d"

[[projects]]
  branch = "master"
  digest = "1:2bd38bebc70d74d4281419cc8dad76ea69660af08dd13d9dd7f4dbccf3b8732e"
  name = "github.com/xi2/httpgzip"
  packages = [
    ".",
    "internal/gzip",
  ]
  pruneopts = "UT"
  revision = "932ab5e254aeb4a9044e2647411c3e62c0797dc5"

[[projects]]
  digest = "1:d7ade7ab6bc19c183c7ac099dda456e86571f6154036dcb37ed15c6bd533fd50"
  name = "github.com/yanyiwu/gojieba"
  packages = ["."]
  pruneopts = "UT"
  revision = "57835cec3fcc5e7046765d367273cfede5df0ce5"
  version = "v1.1.0"

[[projects]]
  digest = "1:6e898847e5e1a1e0068a915fc9d4476a6e3399ee3cdd1122f3dad90e49c9c3b8"
  name = "goji.io"
  packages = [
    ".",
    "internal",
    "pat",
    "pattern",
  ]
  pruneopts = "UT"
  revision = "490b001d03d16a116d7c44d95d216c69a1aae798"
  version = "v2.0.2"

[[projects]]
  branch = "master"
  digest = "1:2d892da8ced067bd8178490d47cebd8b4858a5ff53b58a1a82d8c46eec2a0e52"
  name = "golang.org/x/crypto"
  packages = [
    "acme",
    "acme/autocert",
  ]
  pruneopts = "UT"
  revision = "becbf705a91575484002d598f87d74f0002801e7"

[[projects]]
  branch = "master"
  digest = "1:f4adfa10952334fb90dc204b98ba2fc29e3736e5bdcaae73598f672712033d33"
  name = "golang.org/x/image"
  packages = [
    "bmp",
    "ccitt",
    "tiff",
    "tiff/lzw",
  ]
  pruneopts = "UT"
  revision = "9130b4cfad522142c86367afe5e34ce811a85a4b"

[[projects]]
  branch = "master"
  digest = "1:97aca2746ef14a460fe39f1c1aa566b63e076e19b246bda1f17d626ad4963743"
  name = "golang.org/x/net"
  packages = [
    "html",
    "html/atom",
    "http/httpguts",
    "http2",
    "http2/hpack",
    "idna",
  ]
  pruneopts = "UT"
  revision = "c0dbc17a35534bf2e581d7a942408dc936316da4"

[[projects]]
  branch = "master"
  digest = "1:d2596218ce23d219199231ef6b5108ab3accc4fd1d63ba90ae465121eec44781"
  name = "golang.org/x/sys"
  packages = ["unix"]
  pruneopts = "UT"
  revision = "af0d71d358abe0ba3594483a5d519f429dbae3e9"

[[projects]]
  digest = "1:8d8faad6b12a3a4c819a3f9618cb6ee1fa1cfc33253abeeea8b55336721e3405"
  name = "golang.org/x/text"
  packages = [
    "collate",
    "collate/build",
    "internal/colltab",
    "internal/gen",
    "internal/language",
    "internal/language/compact",
    "internal/tag",
    "internal/triegen",
    "internal/ucd",
    "language",
    "secure/bidirule",
    "transform",
    "unicode/bidi",
    "unicode/cldr",
    "unicode/norm",
    "unicode/rangetable",
  ]
  pruneopts = "UT"
  revision = "342b2e1fbaa52c93f31447ad2c6abc048c63e475"
  version = "v0.3.2"

[[projects]]
  digest = "1:06b370a3ee8562ef078a8871741c2075c15ce5969ad45ec98cc9fdec5917e3c1"
  name = "gopkg.in/h2non/filetype.v1"
  packages = ["."]
  pruneopts = "UT"
  revision = "add8f680eeb7b6baeee288a89bd54574de25b406"
  version = "v1.0.10"

[[projects]]
  digest = "1:b75b3deb2bce8bc079e16bb2aecfe01eb80098f5650f9e93e5643ca8b7b73737"
  name = "gopkg.in/yaml.v2"
  packages = ["."]
  pruneopts = "UT"
  revision = "1f64d6156d11335c3f22d9330b0ad14fc1e789ce"
  version = "v2.2.7"

[solve-meta]
  analyzer-name = "dep"
  analyzer-version = 1
  input-imports = [
    "github.com/boltdb/bolt",
    "github.com/dchest/captcha",
    "github.com/disintegration/imaging",
    "github.com/ego008/youdb",
    "github.com/gorilla/securecookie",
    "github.com/rs/xid",
    "github.com/russross/blackfriday",
    "github.com/shurcooL/github_flavored_markdown",
    "github.com/terminus2049/2049bbs/controller",
    "github.com/terminus2049/2049bbs/cronjob",
    "github.com/terminus2049/2049bbs/model",
    "github.com/terminus2049/2049bbs/router",
    "github.com/terminus2049/2049bbs/system",
    "github.com/terminus2049/2049bbs/util",
    "github.com/weint/config",
    "github.com/weint/httpclient",
    "github.com/xi2/httpgzip",
    "github.com/yanyiwu/gojieba",
    "goji.io",
    "goji.io/pat",
    "golang.org/x/crypto/acme/autocert",
    "golang.org/x/net/http2",
  ]
  solver-name = "gps-cdcl"
  solver-version = 1
